
Microsoft Visual Studio Solution File, Format Version 12.00
# Visual Studio Version 17
VisualStudioVersion = 17.14.36127.28
MinimumVisualStudioVersion = 10.0.40219.1
Project("{FAE04EC0-301F-11D3-BF4B-00C04F79EFBC}") = "JJ.API", "src\JJ.API\JJ.API.csproj", "{62ECAC04-9ED4-4E1A-B827-FDC7C2739AC1}"
EndProject
Project("{FAE04EC0-301F-11D3-BF4B-00C04F79EFBC}") = "JJ.INFRASTRUCTURE", "src\JJ.INFRASTRUCTURE\JJ.INFRASTRUCTURE.csproj", "{1EEF2977-EEBE-4073-8011-6F55EF9D65F3}"
EndProject
Project("{FAE04EC0-301F-11D3-BF4B-00C04F79EFBC}") = "JJ.APPLICATION", "src\JJ.APPLICATION\JJ.APPLICATION.csproj", "{BE69ACCF-598F-4056-8A2D-BFE1DBDC0C79}"
EndProject
Project("{FAE04EC0-301F-11D3-BF4B-00C04F79EFBC}") = "JJ.DOMAIN", "src\JJ.DOMAIN\JJ.DOMAIN.csproj", "{9F8BF0BA-DBC5-476B-A88D-F7670341789A}"
EndProject
Project("{E53339B2-1760-4266-BCC7-CA923CBCF16C}") = "docker-compose", "docker-compose.dcproj", "{81DDED9D-158B-E303-5F62-77A2896D2A5A}"
EndProject
Global
	GlobalSection(SolutionConfigurationPlatforms) = preSolution
		Debug|Any CPU = Debug|Any CPU
		Release|Any CPU = Release|Any CPU
	EndGlobalSection
	GlobalSection(ProjectConfigurationPlatforms) = postSolution
		{62ECAC04-9ED4-4E1A-B827-FDC7C2739AC1}.Debug|Any CPU.ActiveCfg = Debug|Any CPU
		{62ECAC04-9ED4-4E1A-B827-FDC7C2739AC1}.Debug|Any CPU.Build.0 = Debug|Any CPU
		{62ECAC04-9ED4-4E1A-B827-FDC7C2739AC1}.Release|Any CPU.ActiveCfg = Release|Any CPU
		{62ECAC04-9ED4-4E1A-B827-FDC7C2739AC1}.Release|Any CPU.Build.0 = Release|Any CPU
		{1EEF2977-EEBE-4073-8011-6F55EF9D65F3}.Debug|Any CPU.ActiveCfg = Debug|Any CPU
		{1EEF2977-EEBE-4073-8011-6F55EF9D65F3}.Debug|Any CPU.Build.0 = Debug|Any CPU
		{1EEF2977-EEBE-4073-8011-6F55EF9D65F3}.Release|Any CPU.ActiveCfg = Release|Any CPU
		{1EEF2977-EEBE-4073-8011-6F55EF9D65F3}.Release|Any CPU.Build.0 = Release|Any CPU
		{BE69ACCF-598F-4056-8A2D-BFE1DBDC0C79}.Debug|Any CPU.ActiveCfg = Debug|Any CPU
		{BE69ACCF-598F-4056-8A2D-BFE1DBDC0C79}.Debug|Any CPU.Build.0 = Debug|Any CPU
		{BE69ACCF-598F-4056-8A2D-BFE1DBDC0C79}.Release|Any CPU.ActiveCfg = Release|Any CPU
		{BE69ACCF-598F-4056-8A2D-BFE1DBDC0C79}.Release|Any CPU.Build.0 = Release|Any CPU
		{9F8BF0BA-DBC5-476B-A88D-F7670341789A}.Debug|Any CPU.ActiveCfg = Debug|Any CPU
		{9F8BF0BA-DBC5-476B-A88D-F7670341789A}.Debug|Any CPU.Build.0 = Debug|Any CPU
		{9F8BF0BA-DBC5-476B-A88D-F7670341789A}.Release|Any CPU.ActiveCfg = Release|Any CPU
		{9F8BF0BA-DBC5-476B-A88D-F7670341789A}.Release|Any CPU.Build.0 = Release|Any CPU
		{81DDED9D-158B-E303-5F62-77A2896D2A5A}.Debug|Any CPU.ActiveCfg = Debug|Any CPU
		{81DDED9D-158B-E303-5F62-77A2896D2A5A}.Debug|Any CPU.Build.0 = Debug|Any CPU
		{81DDED9D-158B-E303-5F62-77A2896D2A5A}.Release|Any CPU.ActiveCfg = Release|Any CPU
		{81DDED9D-158B-E303-5F62-77A2896D2A5A}.Release|Any CPU.Build.0 = Release|Any CPU
	EndGlobalSection
	GlobalSection(SolutionProperties) = preSolution
		HideSolutionNode = FALSE
	EndGlobalSection
	GlobalSection(ExtensibilityGlobals) = postSolution
		SolutionGuid = {027CB15F-5FD1-4CC9-9CA6-5377F47D86FE}
	EndGlobalSection
EndGlobal
